
Microsoft Visual Studio Solution File, Format Version 12.00
# Visual Studio 14
VisualStudioVersion = 14.0.25420.1
MinimumVisualStudioVersion = 10.0.40219.1
Project("{FAE04EC0-301F-11D3-BF4B-00C04F79EFBC}") = "Gaev.Rpc.Rebus", "Gaev.Rpc.Rebus\Gaev.Rpc.Rebus.csproj", "{B33E5DB0-DF7B-425B-9B7F-85D035558CC9}"
EndProject
Project("{2150E333-8FDC-42A3-9474-1A3956D46DE8}") = "Examples", "Examples", "{4F4BB25B-33BC-4005-97F6-EEDA896C3AB8}"
EndProject
Project("{FAE04EC0-301F-11D3-BF4B-00C04F79EFBC}") = "ScalingDemo.Shared", "Examples\ScalingDemo.Shared\ScalingDemo.Shared.csproj", "{0DC7C69B-63EA-47E8-964E-E68FE0822114}"
EndProject
Project("{FAE04EC0-301F-11D3-BF4B-00C04F79EFBC}") = "ScalingDemo.ServerConsole", "Examples\ScalingDemo.ServerConsole\ScalingDemo.ServerConsole.csproj", "{78C7F1BE-F81C-4193-B34B-DD77191F0170}"
EndProject
Project("{FAE04EC0-301F-11D3-BF4B-00C04F79EFBC}") = "ScalingDemo.ClientConsole", "Examples\ScalingDemo.ClientConsole\ScalingDemo.ClientConsole.csproj", "{868A378C-3C3B-4C4F-91D7-7E928D262D44}"
EndProject
Project("{FAE04EC0-301F-11D3-BF4B-00C04F79EFBC}") = "ScalingDemo.ClientWeb", "Examples\ScalingDemo.ClientWeb\ScalingDemo.ClientWeb.csproj", "{B5303B54-71C7-4B89-A478-2084F16F7928}"
EndProject
Project("{FAE04EC0-301F-11D3-BF4B-00C04F79EFBC}") = "Gaev.Rpc", "Gaev.Rpc\Gaev.Rpc.csproj", "{7A65C541-31C3-47AC-A91E-BDDAE850E404}"
EndProject
Project("{FAE04EC0-301F-11D3-BF4B-00C04F79EFBC}") = "Gaev.Rpc.Rebus.Tests", "Gaev.Rpc.Rebus.Tests\Gaev.Rpc.Rebus.Tests.csproj", "{EC0D7550-D6A7-40E5-A47C-F587947C8232}"
EndProject
Project("{FAE04EC0-301F-11D3-BF4B-00C04F79EFBC}") = "Gaev.Rpc.EasyNetQ", "Gaev.Rpc.EasyNetQ\Gaev.Rpc.EasyNetQ.csproj", "{EC09A11D-A79E-434C-ACED-357922CA2A83}"
EndProject
Project("{FAE04EC0-301F-11D3-BF4B-00C04F79EFBC}") = "Gaev.Rpc.EasyNetQ.Tests", "Gaev.Rpc.EasyNetQ.Tests\Gaev.Rpc.EasyNetQ.Tests.csproj", "{99AE5203-52AC-4612-8995-B801B3ACDF5C}"
EndProject
Project("{FAE04EC0-301F-11D3-BF4B-00C04F79EFBC}") = "Gaev.Rpc.StandardInputOutput", "Gaev.Rpc.StandardInputOutput\Gaev.Rpc.StandardInputOutput.csproj", "{34D7D870-DEA5-49B5-BFC4-177E1DB8C4B3}"
EndProject
Project("{FAE04EC0-301F-11D3-BF4B-00C04F79EFBC}") = "Gaev.Rpc.StandardInputOutput.Tests", "Gaev.Rpc.StandardInputOutput.Tests\Gaev.Rpc.StandardInputOutput.Tests.csproj", "{0964DD7D-F2DD-4FD5-B80A-BB85B5907213}"
EndProject
Project("{FAE04EC0-301F-11D3-BF4B-00C04F79EFBC}") = "Gaev.Rpc.StandardInputOutput.Tests.Client", "Gaev.Rpc.StandardInputOutput.Tests.Client\Gaev.Rpc.StandardInputOutput.Tests.Client.csproj", "{0E00786E-FABA-4026-800A-6C269F255607}"
EndProject
Project("{FAE04EC0-301F-11D3-BF4B-00C04F79EFBC}") = "Gaev.Rpc.Owin", "Gaev.Rpc.Owin\Gaev.Rpc.Owin.csproj", "{93EB9FDC-3C82-4D1E-B915-CF243B9E2D33}"
EndProject
Project("{FAE04EC0-301F-11D3-BF4B-00C04F79EFBC}") = "Gaev.Rpc.Owin.Tests", "Gaev.Rpc.Owin.Tests\Gaev.Rpc.Owin.Tests.csproj", "{E758D7E9-3EF6-43CF-8283-8AA921EB3ABA}"
EndProject
Global
	GlobalSection(SolutionConfigurationPlatforms) = preSolution
		Debug|Any CPU = Debug|Any CPU
		Release|Any CPU = Release|Any CPU
	EndGlobalSection
	GlobalSection(ProjectConfigurationPlatforms) = postSolution
		{B33E5DB0-DF7B-425B-9B7F-85D035558CC9}.Debug|Any CPU.ActiveCfg = Debug|Any CPU
		{B33E5DB0-DF7B-425B-9B7F-85D035558CC9}.Debug|Any CPU.Build.0 = Debug|Any CPU
		{B33E5DB0-DF7B-425B-9B7F-85D035558CC9}.Release|Any CPU.ActiveCfg = Release|Any CPU
		{B33E5DB0-DF7B-425B-9B7F-85D035558CC9}.Release|Any CPU.Build.0 = Release|Any CPU
		{0DC7C69B-63EA-47E8-964E-E68FE0822114}.Debug|Any CPU.ActiveCfg = Debug|Any CPU
		{0DC7C69B-63EA-47E8-964E-E68FE0822114}.Debug|Any CPU.Build.0 = Debug|Any CPU
		{0DC7C69B-63EA-47E8-964E-E68FE0822114}.Release|Any CPU.ActiveCfg = Release|Any CPU
		{0DC7C69B-63EA-47E8-964E-E68FE0822114}.Release|Any CPU.Build.0 = Release|Any CPU
		{78C7F1BE-F81C-4193-B34B-DD77191F0170}.Debug|Any CPU.ActiveCfg = Debug|Any CPU
		{78C7F1BE-F81C-4193-B34B-DD77191F0170}.Debug|Any CPU.Build.0 = Debug|Any CPU
		{78C7F1BE-F81C-4193-B34B-DD77191F0170}.Release|Any CPU.ActiveCfg = Release|Any CPU
		{78C7F1BE-F81C-4193-B34B-DD77191F0170}.Release|Any CPU.Build.0 = Release|Any CPU
		{868A378C-3C3B-4C4F-91D7-7E928D262D44}.Debug|Any CPU.ActiveCfg = Debug|Any CPU
		{868A378C-3C3B-4C4F-91D7-7E928D262D44}.Debug|Any CPU.Build.0 = Debug|Any CPU
		{868A378C-3C3B-4C4F-91D7-7E928D262D44}.Release|Any CPU.ActiveCfg = Release|Any CPU
		{868A378C-3C3B-4C4F-91D7-7E928D262D44}.Release|Any CPU.Build.0 = Release|Any CPU
		{B5303B54-71C7-4B89-A478-2084F16F7928}.Debug|Any CPU.ActiveCfg = Debug|Any CPU
		{B5303B54-71C7-4B89-A478-2084F16F7928}.Debug|Any CPU.Build.0 = Debug|Any CPU
		{B5303B54-71C7-4B89-A478-2084F16F7928}.Release|Any CPU.ActiveCfg = Release|Any CPU
		{B5303B54-71C7-4B89-A478-2084F16F7928}.Release|Any CPU.Build.0 = Release|Any CPU
		{7A65C541-31C3-47AC-A91E-BDDAE850E404}.Debug|Any CPU.ActiveCfg = Debug|Any CPU
		{7A65C541-31C3-47AC-A91E-BDDAE850E404}.Debug|Any CPU.Build.0 = Debug|Any CPU
		{7A65C541-31C3-47AC-A91E-BDDAE850E404}.Release|Any CPU.ActiveCfg = Release|Any CPU
		{7A65C541-31C3-47AC-A91E-BDDAE850E404}.Release|Any CPU.Build.0 = Release|Any CPU
		{EC0D7550-D6A7-40E5-A47C-F587947C8232}.Debug|Any CPU.ActiveCfg = Debug|Any CPU
		{EC0D7550-D6A7-40E5-A47C-F587947C8232}.Debug|Any CPU.Build.0 = Debug|Any CPU
		{EC0D7550-D6A7-40E5-A47C-F587947C8232}.Release|Any CPU.ActiveCfg = Release|Any CPU
		{EC0D7550-D6A7-40E5-A47C-F587947C8232}.Release|Any CPU.Build.0 = Release|Any CPU
		{EC09A11D-A79E-434C-ACED-357922CA2A83}.Debug|Any CPU.ActiveCfg = Debug|Any CPU
		{EC09A11D-A79E-434C-ACED-357922CA2A83}.Debug|Any CPU.Build.0 = Debug|Any CPU
		{EC09A11D-A79E-434C-ACED-357922CA2A83}.Release|Any CPU.ActiveCfg = Release|Any CPU
		{EC09A11D-A79E-434C-ACED-357922CA2A83}.Release|Any CPU.Build.0 = Release|Any CPU
		{99AE5203-52AC-4612-8995-B801B3ACDF5C}.Debug|Any CPU.ActiveCfg = Debug|Any CPU
		{99AE5203-52AC-4612-8995-B801B3ACDF5C}.Debug|Any CPU.Build.0 = Debug|Any CPU
		{99AE5203-52AC-4612-8995-B801B3ACDF5C}.Release|Any CPU.ActiveCfg = Release|Any CPU
		{99AE5203-52AC-4612-8995-B801B3ACDF5C}.Release|Any CPU.Build.0 = Release|Any CPU
		{34D7D870-DEA5-49B5-BFC4-177E1DB8C4B3}.Debug|Any CPU.ActiveCfg = Debug|Any CPU
		{34D7D870-DEA5-49B5-BFC4-177E1DB8C4B3}.Debug|Any CPU.Build.0 = Debug|Any CPU
		{34D7D870-DEA5-49B5-BFC4-177E1DB8C4B3}.Release|Any CPU.ActiveCfg = Release|Any CPU
		{34D7D870-DEA5-49B5-BFC4-177E1DB8C4B3}.Release|Any CPU.Build.0 = Release|Any CPU
		{0964DD7D-F2DD-4FD5-B80A-BB85B5907213}.Debug|Any CPU.ActiveCfg = Debug|Any CPU
		{0964DD7D-F2DD-4FD5-B80A-BB85B5907213}.Debug|Any CPU.Build.0 = Debug|Any CPU
		{0964DD7D-F2DD-4FD5-B80A-BB85B5907213}.Release|Any CPU.ActiveCfg = Release|Any CPU
		{0964DD7D-F2DD-4FD5-B80A-BB85B5907213}.Release|Any CPU.Build.0 = Release|Any CPU
		{0E00786E-FABA-4026-800A-6C269F255607}.Debug|Any CPU.ActiveCfg = Debug|Any CPU
		{0E00786E-FABA-4026-800A-6C269F255607}.Debug|Any CPU.Build.0 = Debug|Any CPU
		{0E00786E-FABA-4026-800A-6C269F255607}.Release|Any CPU.ActiveCfg = Release|Any CPU
		{0E00786E-FABA-4026-800A-6C269F255607}.Release|Any CPU.Build.0 = Release|Any CPU
		{93EB9FDC-3C82-4D1E-B915-CF243B9E2D33}.Debug|Any CPU.ActiveCfg = Debug|Any CPU
		{93EB9FDC-3C82-4D1E-B915-CF243B9E2D33}.Debug|Any CPU.Build.0 = Debug|Any CPU
		{93EB9FDC-3C82-4D1E-B915-CF243B9E2D33}.Release|Any CPU.ActiveCfg = Release|Any CPU
		{93EB9FDC-3C82-4D1E-B915-CF243B9E2D33}.Release|Any CPU.Build.0 = Release|Any CPU
		{E758D7E9-3EF6-43CF-8283-8AA921EB3ABA}.Debug|Any CPU.ActiveCfg = Debug|Any CPU
		{E758D7E9-3EF6-43CF-8283-8AA921EB3ABA}.Debug|Any CPU.Build.0 = Debug|Any CPU
		{E758D7E9-3EF6-43CF-8283-8AA921EB3ABA}.Release|Any CPU.ActiveCfg = Release|Any CPU
		{E758D7E9-3EF6-43CF-8283-8AA921EB3ABA}.Release|Any CPU.Build.0 = Release|Any CPU
	EndGlobalSection
	GlobalSection(SolutionProperties) = preSolution
		HideSolutionNode = FALSE
	EndGlobalSection
	GlobalSection(NestedProjects) = preSolution
		{0DC7C69B-63EA-47E8-964E-E68FE0822114} = {4F4BB25B-33BC-4005-97F6-EEDA896C3AB8}
		{78C7F1BE-F81C-4193-B34B-DD77191F0170} = {4F4BB25B-33BC-4005-97F6-EEDA896C3AB8}
		{868A378C-3C3B-4C4F-91D7-7E928D262D44} = {4F4BB25B-33BC-4005-97F6-EEDA896C3AB8}
		{B5303B54-71C7-4B89-A478-2084F16F7928} = {4F4BB25B-33BC-4005-97F6-EEDA896C3AB8}
	EndGlobalSection
EndGlobal
